// !$*UTF8*$!
{
	archiveVersion = 1;
	classes = {
	};
	objectVersion = 55;
	objects = {

/* Begin PBXBuildFile section */
		19B0B04B272826C10015B780 /* AppDelegate.swift in Sources */ = {isa = PBXBuildFile; fileRef = 19B0B04A272826C10015B780 /* AppDelegate.swift */; };
		19B0B04D272826C10015B780 /* SceneDelegate.swift in Sources */ = {isa = PBXBuildFile; fileRef = 19B0B04C272826C10015B780 /* SceneDelegate.swift */; };
		19B0B04F272826C10015B780 /* ViewController.swift in Sources */ = {isa = PBXBuildFile; fileRef = 19B0B04E272826C10015B780 /* ViewController.swift */; };
		19B0B052272826C10015B780 /* Main.storyboard in Resources */ = {isa = PBXBuildFile; fileRef = 19B0B050272826C10015B780 /* Main.storyboard */; };
		19B0B054272826C30015B780 /* Assets.xcassets in Resources */ = {isa = PBXBuildFile; fileRef = 19B0B053272826C30015B780 /* Assets.xcassets */; };
		19B0B057272826C30015B780 /* LaunchScreen.storyboard in Resources */ = {isa = PBXBuildFile; fileRef = 19B0B055272826C30015B780 /* LaunchScreen.storyboard */; };
		19B0B061272A029A0015B780 /* StudentCell.swift in Sources */ = {isa = PBXBuildFile; fileRef = 19B0B05F272A029A0015B780 /* StudentCell.swift */; };
		19B0B062272A029A0015B780 /* StudentCell.xib in Resources */ = {isa = PBXBuildFile; fileRef = 19B0B060272A029A0015B780 /* StudentCell.xib */; };
		19B0B06D272AE8150015B780 /* FooterCells.swift in Sources */ = {isa = PBXBuildFile; fileRef = 19B0B06B272AE8150015B780 /* FooterCells.swift */; };
		19B0B06E272AE8150015B780 /* FooterCells.xib in Resources */ = {isa = PBXBuildFile; fileRef = 19B0B06C272AE8150015B780 /* FooterCells.xib */; };
		19B0B074272B47F20015B780 /* HeaderCell.swift in Sources */ = {isa = PBXBuildFile; fileRef = 19B0B072272B47F20015B780 /* HeaderCell.swift */; };
		19B0B075272B47F20015B780 /* HeaderCell.xib in Resources */ = {isa = PBXBuildFile; fileRef = 19B0B073272B47F20015B780 /* HeaderCell.xib */; };
/* End PBXBuildFile section */

/* Begin PBXFileReference section */
		19B0B047272826C10015B780 /* InformationAboutStudents.app */ = {isa = PBXFileReference; explicitFileType = wrapper.application; includeInIndex = 0; path = InformationAboutStudents.app; sourceTree = BUILT_PRODUCTS_DIR; };
		19B0B04A272826C10015B780 /* AppDelegate.swift */ = {isa = PBXFileReference; lastKnownFileType = sourcecode.swift; path = AppDelegate.swift; sourceTree = "<group>"; };
		19B0B04C272826C10015B780 /* SceneDelegate.swift */ = {isa = PBXFileReference; lastKnownFileType = sourcecode.swift; path = SceneDelegate.swift; sourceTree = "<group>"; };
		19B0B04E272826C10015B780 /* ViewController.swift */ = {isa = PBXFileReference; lastKnownFileType = sourcecode.swift; path = ViewController.swift; sourceTree = "<group>"; };
		19B0B051272826C10015B780 /* Base */ = {isa = PBXFileReference; lastKnownFileType = file.storyboard; name = Base; path = Base.lproj/Main.storyboard; sourceTree = "<group>"; };
		19B0B053272826C30015B780 /* Assets.xcassets */ = {isa = PBXFileReference; lastKnownFileType = folder.assetcatalog; path = Assets.xcassets; sourceTree = "<group>"; };
		19B0B056272826C30015B780 /* Base */ = {isa = PBXFileReference; lastKnownFileType = file.storyboard; name = Base; path = Base.lproj/LaunchScreen.storyboard; sourceTree = "<group>"; };
		19B0B058272826C30015B780 /* Info.plist */ = {isa = PBXFileReference; lastKnownFileType = text.plist.xml; path = Info.plist; sourceTree = "<group>"; };
		19B0B05F272A029A0015B780 /* StudentCell.swift */ = {isa = PBXFileReference; lastKnownFileType = sourcecode.swift; path = StudentCell.swift; sourceTree = "<group>"; };
		19B0B060272A029A0015B780 /* StudentCell.xib */ = {isa = PBXFileReference; lastKnownFileType = file.xib; path = StudentCell.xib; sourceTree = "<group>"; };
		19B0B06B272AE8150015B780 /* FooterCells.swift */ = {isa = PBXFileReference; lastKnownFileType = sourcecode.swift; path = FooterCells.swift; sourceTree = "<group>"; };
		19B0B06C272AE8150015B780 /* FooterCells.xib */ = {isa = PBXFileReference; lastKnownFileType = file.xib; path = FooterCells.xib; sourceTree = "<group>"; };
		19B0B072272B47F20015B780 /* HeaderCell.swift */ = {isa = PBXFileReference; lastKnownFileType = sourcecode.swift; path = HeaderCell.swift; sourceTree = "<group>"; };
		19B0B073272B47F20015B780 /* HeaderCell.xib */ = {isa = PBXFileReference; lastKnownFileType = file.xib; path = HeaderCell.xib; sourceTree = "<group>"; };
/* End PBXFileReference section */

/* Begin PBXFrameworksBuildPhase section */
		19B0B044272826C10015B780 /* Frameworks */ = {
			isa = PBXFrameworksBuildPhase;
			buildActionMask = 2147483647;
			files = (
			);
			runOnlyForDeploymentPostprocessing = 0;
		};
/* End PBXFrameworksBuildPhase section */

/* Begin PBXGroup section */
		19B0B03E272826C10015B780 = {
			isa = PBXGroup;
			children = (
				19B0B049272826C10015B780 /* InformationAboutStudents */,
				19B0B048272826C10015B780 /* Products */,
			);
			sourceTree = "<group>";
		};
		19B0B048272826C10015B780 /* Products */ = {
			isa = PBXGroup;
			children = (
				19B0B047272826C10015B780 /* InformationAboutStudents.app */,
			);
			name = Products;
			sourceTree = "<group>";
		};
		19B0B049272826C10015B780 /* InformationAboutStudents */ = {
			isa = PBXGroup;
			children = (
				19B0B06F272B42450015B780 /* View Controller */,
				19B0B05E272A02740015B780 /* Cells */,
				19B0B070272B42880015B780 /* Support Files */,
				19B0B058272826C30015B780 /* Info.plist */,
			);
			path = InformationAboutStudents;
			sourceTree = "<group>";
		};
		19B0B05E272A02740015B780 /* Cells */ = {
			isa = PBXGroup;
			children = (
				19B0B071272B47C70015B780 /* HeaderCell */,
				19B0B06A272AE7980015B780 /* FooterCells */,
				19B0B063272AE6B30015B780 /* StudentCell */,
			);
			path = Cells;
			sourceTree = "<group>";
		};
		19B0B063272AE6B30015B780 /* StudentCell */ = {
			isa = PBXGroup;
			children = (
				19B0B05F272A029A0015B780 /* StudentCell.swift */,
				19B0B060272A029A0015B780 /* StudentCell.xib */,
			);
			path = StudentCell;
			sourceTree = "<group>";
		};
		19B0B06A272AE7980015B780 /* FooterCells */ = {
			isa = PBXGroup;
			children = (
				19B0B06B272AE8150015B780 /* FooterCells.swift */,
				19B0B06C272AE8150015B780 /* FooterCells.xib */,
			);
			path = FooterCells;
			sourceTree = "<group>";
		};
		19B0B06F272B42450015B780 /* View Controller */ = {
			isa = PBXGroup;
			children = (
				19B0B04E272826C10015B780 /* ViewController.swift */,
				19B0B050272826C10015B780 /* Main.storyboard */,
			);
			path = "View Controller";
			sourceTree = "<group>";
		};
		19B0B070272B42880015B780 /* Support Files */ = {
			isa = PBXGroup;
			children = (
				19B0B04A272826C10015B780 /* AppDelegate.swift */,
				19B0B04C272826C10015B780 /* SceneDelegate.swift */,
				19B0B053272826C30015B780 /* Assets.xcassets */,
				19B0B055272826C30015B780 /* LaunchScreen.storyboard */,
			);
			path = "Support Files";
			sourceTree = "<group>";
		};
		19B0B071272B47C70015B780 /* HeaderCell */ = {
			isa = PBXGroup;
			children = (
				19B0B072272B47F20015B780 /* HeaderCell.swift */,
				19B0B073272B47F20015B780 /* HeaderCell.xib */,
			);
			path = HeaderCell;
			sourceTree = "<group>";
		};
/* End PBXGroup section */

/* Begin PBXNativeTarget section */
		19B0B046272826C10015B780 /* InformationAboutStudents */ = {
			isa = PBXNativeTarget;
			buildConfigurationList = 19B0B05B272826C30015B780 /* Build configuration list for PBXNativeTarget "InformationAboutStudents" */;
			buildPhases = (
				19B0B043272826C10015B780 /* Sources */,
				19B0B044272826C10015B780 /* Frameworks */,
				19B0B045272826C10015B780 /* Resources */,
			);
			buildRules = (
			);
			dependencies = (
			);
			name = InformationAboutStudents;
			productName = InformationAboutStudents;
			productReference = 19B0B047272826C10015B780 /* InformationAboutStudents.app */;
			productType = "com.apple.product-type.application";
		};
/* End PBXNativeTarget section */

/* Begin PBXProject section */
		19B0B03F272826C10015B780 /* Project object */ = {
			isa = PBXProject;
			attributes = {
				BuildIndependentTargetsInParallel = 1;
				LastSwiftUpdateCheck = 1300;
				LastUpgradeCheck = 1300;
				TargetAttributes = {
					19B0B046272826C10015B780 = {
						CreatedOnToolsVersion = 13.0;
					};
				};
			};
			buildConfigurationList = 19B0B042272826C10015B780 /* Build configuration list for PBXProject "InformationAboutStudents" */;
			compatibilityVersion = "Xcode 13.0";
			developmentRegion = en;
			hasScannedForEncodings = 0;
			knownRegions = (
				en,
				Base,
			);
			mainGroup = 19B0B03E272826C10015B780;
			productRefGroup = 19B0B048272826C10015B780 /* Products */;
			projectDirPath = "";
			projectRoot = "";
			targets = (
				19B0B046272826C10015B780 /* InformationAboutStudents */,
			);
		};
/* End PBXProject section */

/* Begin PBXResourcesBuildPhase section */
		19B0B045272826C10015B780 /* Resources */ = {
			isa = PBXResourcesBuildPhase;
			buildActionMask = 2147483647;
			files = (
				19B0B057272826C30015B780 /* LaunchScreen.storyboard in Resources */,
				19B0B054272826C30015B780 /* Assets.xcassets in Resources */,
				19B0B06E272AE8150015B780 /* FooterCells.xib in Resources */,
				19B0B052272826C10015B780 /* Main.storyboard in Resources */,
				19B0B075272B47F20015B780 /* HeaderCell.xib in Resources */,
				19B0B062272A029A0015B780 /* StudentCell.xib in Resources */,
			);
			runOnlyForDeploymentPostprocessing = 0;
		};
/* End PBXResourcesBuildPhase section */

/* Begin PBXSourcesBuildPhase section */
		19B0B043272826C10015B780 /* Sources */ = {
			isa = PBXSourcesBuildPhase;
			buildActionMask = 2147483647;
			files = (
				19B0B04F272826C10015B780 /* ViewController.swift in Sources */,
				19B0B04B272826C10015B780 /* AppDelegate.swift in Sources */,
				19B0B06D272AE8150015B780 /* FooterCells.swift in Sources */,
				19B0B04D272826C10015B780 /* SceneDelegate.swift in Sources */,
				19B0B074272B47F20015B780 /* HeaderCell.swift in Sources */,
				19B0B061272A029A0015B780 /* StudentCell.swift in Sources */,
			);
			runOnlyForDeploymentPostprocessing = 0;
		};
/* End PBXSourcesBuildPhase section */

/* Begin PBXVariantGroup section */
		19B0B050272826C10015B780 /* Main.storyboard */ = {
			isa = PBXVariantGroup;
			children = (
				19B0B051272826C10015B780 /* Base */,
			);
			name = Main.storyboard;
			sourceTree = "<group>";
		};
		19B0B055272826C30015B780 /* LaunchScreen.storyboard */ = {
			isa = PBXVariantGroup;
			children = (
				19B0B056272826C30015B780 /* Base */,
			);
			name = LaunchScreen.storyboard;
			sourceTree = "<group>";
		};
/* End PBXVariantGroup section */

/* Begin XCBuildConfiguration section */
		19B0B059272826C30015B780 /* Debug */ = {
			isa = XCBuildConfiguration;
			buildSettings = {
				ALWAYS_SEARCH_USER_PATHS = NO;
				CLANG_ANALYZER_NONNULL = YES;
				CLANG_ANALYZER_NUMBER_OBJECT_CONVERSION = YES_AGGRESSIVE;
				CLANG_CXX_LANGUAGE_STANDARD = "gnu++17";
				CLANG_CXX_LIBRARY = "libc++";
				CLANG_ENABLE_MODULES = YES;
				CLANG_ENABLE_OBJC_ARC = YES;
				CLANG_ENABLE_OBJC_WEAK = YES;
				CLANG_WARN_BLOCK_CAPTURE_AUTORELEASING = YES;
				CLANG_WARN_BOOL_CONVERSION = YES;
				CLANG_WARN_COMMA = YES;
				CLANG_WARN_CONSTANT_CONVERSION = YES;
				CLANG_WARN_DEPRECATED_OBJC_IMPLEMENTATIONS = YES;
				CLANG_WARN_DIRECT_OBJC_ISA_USAGE = YES_ERROR;
				CLANG_WARN_DOCUMENTATION_COMMENTS = YES;
				CLANG_WARN_EMPTY_BODY = YES;
				CLANG_WARN_ENUM_CONVERSION = YES;
				CLANG_WARN_INFINITE_RECURSION = YES;
				CLANG_WARN_INT_CONVERSION = YES;
				CLANG_WARN_NON_LITERAL_NULL_CONVERSION = YES;
				CLANG_WARN_OBJC_IMPLICIT_RETAIN_SELF = YES;
				CLANG_WARN_OBJC_LITERAL_CONVERSION = YES;
				CLANG_WARN_OBJC_ROOT_CLASS = YES_ERROR;
				CLANG_WARN_QUOTED_INCLUDE_IN_FRAMEWORK_HEADER = YES;
				CLANG_WARN_RANGE_LOOP_ANALYSIS = YES;
				CLANG_WARN_STRICT_PROTOTYPES = YES;
				CLANG_WARN_SUSPICIOUS_MOVE = YES;
				CLANG_WARN_UNGUARDED_AVAILABILITY = YES_AGGRESSIVE;
				CLANG_WARN_UNREACHABLE_CODE = YES;
				CLANG_WARN__DUPLICATE_METHOD_MATCH = YES;
				COPY_PHASE_STRIP = NO;
				DEBUG_INFORMATION_FORMAT = dwarf;
				ENABLE_STRICT_OBJC_MSGSEND = YES;
				ENABLE_TESTABILITY = YES;
				GCC_C_LANGUAGE_STANDARD = gnu11;
				GCC_DYNAMIC_NO_PIC = NO;
				GCC_NO_COMMON_BLOCKS = YES;
				GCC_OPTIMIZATION_LEVEL = 0;
				GCC_PREPROCESSOR_DEFINITIONS = (
					"DEBUG=1",
					"$(inherited)",
				);
				GCC_WARN_64_TO_32_BIT_CONVERSION = YES;
				GCC_WARN_ABOUT_RETURN_TYPE = YES_ERROR;
				GCC_WARN_UNDECLARED_SELECTOR = YES;
				GCC_WARN_UNINITIALIZED_AUTOS = YES_AGGRESSIVE;
				GCC_WARN_UNUSED_FUNCTION = YES;
				GCC_WARN_UNUSED_VARIABLE = YES;
				IPHONEOS_DEPLOYMENT_TARGET = 15.0;
				MTL_ENABLE_DEBUG_INFO = INCLUDE_SOURCE;
				MTL_FAST_MATH = YES;
				ONLY_ACTIVE_ARCH = YES;
				SDKROOT = iphoneos;
				SWIFT_ACTIVE_COMPILATION_CONDITIONS = DEBUG;
				SWIFT_OPTIMIZATION_LEVEL = "-Onone";
			};
			name = Debug;
		};
		19B0B05A272826C30015B780 /* Release */ = {
			isa = XCBuildConfiguration;
			buildSettings = {
				ALWAYS_SEARCH_USER_PATHS = NO;
				CLANG_ANALYZER_NONNULL = YES;
				CLANG_ANALYZER_NUMBER_OBJECT_CONVERSION = YES_AGGRESSIVE;
				CLANG_CXX_LANGUAGE_STANDARD = "gnu++17";
				CLANG_CXX_LIBRARY = "libc++";
				CLANG_ENABLE_MODULES = YES;
				CLANG_ENABLE_OBJC_ARC = YES;
				CLANG_ENABLE_OBJC_WEAK = YES;
				CLANG_WARN_BLOCK_CAPTURE_AUTORELEASING = YES;
				CLANG_WARN_BOOL_CONVERSION = YES;
				CLANG_WARN_COMMA = YES;
				CLANG_WARN_CONSTANT_CONVERSION = YES;
				CLANG_WARN_DEPRECATED_OBJC_IMPLEMENTATIONS = YES;
				CLANG_WARN_DIRECT_OBJC_ISA_USAGE = YES_ERROR;
				CLANG_WARN_DOCUMENTATION_COMMENTS = YES;
				CLANG_WARN_EMPTY_BODY = YES;
				CLANG_WARN_ENUM_CONVERSION = YES;
				CLANG_WARN_INFINITE_RECURSION = YES;
				CLANG_WARN_INT_CONVERSION = YES;
				CLANG_WARN_NON_LITERAL_NULL_CONVERSION = YES;
				CLANG_WARN_OBJC_IMPLICIT_RETAIN_SELF = YES;
				CLANG_WARN_OBJC_LITERAL_CONVERSION = YES;
				CLANG_WARN_OBJC_ROOT_CLASS = YES_ERROR;
				CLANG_WARN_QUOTED_INCLUDE_IN_FRAMEWORK_HEADER = YES;
				CLANG_WARN_RANGE_LOOP_ANALYSIS = YES;
				CLANG_WARN_STRICT_PROTOTYPES = YES;
				CLANG_WARN_SUSPICIOUS_MOVE = YES;
				CLANG_WARN_UNGUARDED_AVAILABILITY = YES_AGGRESSIVE;
				CLANG_WARN_UNREACHABLE_CODE = YES;
				CLANG_WARN__DUPLICATE_METHOD_MATCH = YES;
				COPY_PHASE_STRIP = NO;
				DEBUG_INFORMATION_FORMAT = "dwarf-with-dsym";
				ENABLE_NS_ASSERTIONS = NO;
				ENABLE_STRICT_OBJC_MSGSEND = YES;
				GCC_C_LANGUAGE_STANDARD = gnu11;
				GCC_NO_COMMON_BLOCKS = YES;
				GCC_WARN_64_TO_32_BIT_CONVERSION = YES;
				GCC_WARN_ABOUT_RETURN_TYPE = YES_ERROR;
				GCC_WARN_UNDECLARED_SELECTOR = YES;
				GCC_WARN_UNINITIALIZED_AUTOS = YES_AGGRESSIVE;
				GCC_WARN_UNUSED_FUNCTION = YES;
				GCC_WARN_UNUSED_VARIABLE = YES;
				IPHONEOS_DEPLOYMENT_TARGET = 15.0;
				MTL_ENABLE_DEBUG_INFO = NO;
				MTL_FAST_MATH = YES;
				SDKROOT = iphoneos;
				SWIFT_COMPILATION_MODE = wholemodule;
				SWIFT_OPTIMIZATION_LEVEL = "-O";
				VALIDATE_PRODUCT = YES;
			};
			name = Release;
		};
		19B0B05C272826C30015B780 /* Debug */ = {
			isa = XCBuildConfiguration;
			buildSettings = {
				ASSETCATALOG_COMPILER_APPICON_NAME = AppIcon;
				ASSETCATALOG_COMPILER_GLOBAL_ACCENT_COLOR_NAME = AccentColor;
				CODE_SIGN_STYLE = Automatic;
				CURRENT_PROJECT_VERSION = 1;
				GENERATE_INFOPLIST_FILE = YES;
				INFOPLIST_FILE = InformationAboutStudents/Info.plist;
				INFOPLIST_KEY_UIApplicationSupportsIndirectInputEvents = YES;
				INFOPLIST_KEY_UILaunchStoryboardName = LaunchScreen;
				INFOPLIST_KEY_UIMainStoryboardFile = Main;
				INFOPLIST_KEY_UISupportedInterfaceOrientations_iPad = "UIInterfaceOrientationPortrait UIInterfaceOrientationPortraitUpsideDown UIInterfaceOrientationLandscapeLeft UIInterfaceOrientationLandscapeRight";
				INFOPLIST_KEY_UISupportedInterfaceOrientations_iPhone = "UIInterfaceOrientationPortrait UIInterfaceOrientationLandscapeLeft UIInterfaceOrientationLandscapeRight";
				LD_RUNPATH_SEARCH_PATHS = (
					"$(inherited)",
					"@executable_path/Frameworks",
				);
				MARKETING_VERSION = 1.0;
				PRODUCT_BUNDLE_IDENTIFIER = AE.InformationAboutStudents;
				PRODUCT_NAME = "$(TARGET_NAME)";
				SWIFT_EMIT_LOC_STRINGS = YES;
				SWIFT_VERSION = 5.0;
				TARGETED_DEVICE_FAMILY = "1,2";
			};
			name = Debug;
		};
		19B0B05D272826C30015B780 /* Release */ = {
			isa = XCBuildConfiguration;
			buildSettings = {
				ASSETCATALOG_COMPILER_APPICON_NAME = AppIcon;
				ASSETCATALOG_COMPILER_GLOBAL_ACCENT_COLOR_NAME = AccentColor;
				CODE_SIGN_STYLE = Automatic;
				CURRENT_PROJECT_VERSION = 1;
				GENERATE_INFOPLIST_FILE = YES;
				INFOPLIST_FILE = InformationAboutStudents/Info.plist;
				INFOPLIST_KEY_UIApplicationSupportsIndirectInputEvents = YES;
				INFOPLIST_KEY_UILaunchStoryboardName = LaunchScreen;
				INFOPLIST_KEY_UIMainStoryboardFile = Main;
				INFOPLIST_KEY_UISupportedInterfaceOrientations_iPad = "UIInterfaceOrientationPortrait UIInterfaceOrientationPortraitUpsideDown UIInterfaceOrientationLandscapeLeft UIInterfaceOrientationLandscapeRight";
				INFOPLIST_KEY_UISupportedInterfaceOrientations_iPhone = "UIInterfaceOrientationPortrait UIInterfaceOrientationLandscapeLeft UIInterfaceOrientationLandscapeRight";
				LD_RUNPATH_SEARCH_PATHS = (
					"$(inherited)",
					"@executable_path/Frameworks",
				);
				MARKETING_VERSION = 1.0;
				PRODUCT_BUNDLE_IDENTIFIER = AE.InformationAboutStudents;
				PRODUCT_NAME = "$(TARGET_NAME)";
				SWIFT_EMIT_LOC_STRINGS = YES;
				SWIFT_VERSION = 5.0;
				TARGETED_DEVICE_FAMILY = "1,2";
			};
			name = Release;
		};
/* End XCBuildConfiguration section */

/* Begin XCConfigurationList section */
		19B0B042272826C10015B780 /* Build configuration list for PBXProject "InformationAboutStudents" */ = {
			isa = XCConfigurationList;
			buildConfigurations = (
				19B0B059272826C30015B780 /* Debug */,
				19B0B05A272826C30015B780 /* Release */,
			);
			defaultConfigurationIsVisible = 0;
			defaultConfigurationName = Release;
		};
		19B0B05B272826C30015B780 /* Build configuration list for PBXNativeTarget "InformationAboutStudents" */ = {
			isa = XCConfigurationList;
			buildConfigurations = (
				19B0B05C272826C30015B780 /* Debug */,
				19B0B05D272826C30015B780 /* Release */,
			);
			defaultConfigurationIsVisible = 0;
			defaultConfigurationName = Release;
		};
/* End XCConfigurationList section */
	};
	rootObject = 19B0B03F272826C10015B780 /* Project object */;
}
