// !$*UTF8*$!
{
	archiveVersion = 1;
	classes = {
	};
	objectVersion = 55;
	objects = {

/* Begin PBXBuildFile section */
		191BB98928143FFD0012CDAD /* CreateHomeWorkView.swift in Sources */ = {isa = PBXBuildFile; fileRef = 191BB98828143FFD0012CDAD /* CreateHomeWorkView.swift */; };
		191BB98B2814402A0012CDAD /* CreateHomeWorkView.xib in Resources */ = {isa = PBXBuildFile; fileRef = 191BB98A2814402A0012CDAD /* CreateHomeWorkView.xib */; };
		1960ED30281ADAB400DD9CDD /* FSCalendar in Frameworks */ = {isa = PBXBuildFile; productRef = 1960ED2F281ADAB400DD9CDD /* FSCalendar */; };
		1960ED33281ADB7100DD9CDD /* CalendarView.swift in Sources */ = {isa = PBXBuildFile; fileRef = 1960ED32281ADB7100DD9CDD /* CalendarView.swift */; };
		1960ED35281ADB9D00DD9CDD /* CalendarView.xib in Resources */ = {isa = PBXBuildFile; fileRef = 1960ED34281ADB9D00DD9CDD /* CalendarView.xib */; };
		197774D42804500700554AD0 /* HomeWorkViewController.swift in Sources */ = {isa = PBXBuildFile; fileRef = 197774D22804500700554AD0 /* HomeWorkViewController.swift */; };
		197774D52804500700554AD0 /* HomeWorkViewController.xib in Resources */ = {isa = PBXBuildFile; fileRef = 197774D32804500700554AD0 /* HomeWorkViewController.xib */; };
		197774D7280450C300554AD0 /* HomeWorkModel.swift in Sources */ = {isa = PBXBuildFile; fileRef = 197774D6280450C300554AD0 /* HomeWorkModel.swift */; };
		197774DB2804530100554AD0 /* HeaderHomeWorkView.swift in Sources */ = {isa = PBXBuildFile; fileRef = 197774DA2804530100554AD0 /* HeaderHomeWorkView.swift */; };
		197774DD2804534400554AD0 /* HeaderHomeWorkView.xib in Resources */ = {isa = PBXBuildFile; fileRef = 197774DC2804534400554AD0 /* HeaderHomeWorkView.xib */; };
		197774E02804567400554AD0 /* ActiveHomeWork.swift in Sources */ = {isa = PBXBuildFile; fileRef = 197774DF2804567400554AD0 /* ActiveHomeWork.swift */; };
		197774E22804568600554AD0 /* ActiveHomeWork.xib in Resources */ = {isa = PBXBuildFile; fileRef = 197774E12804568600554AD0 /* ActiveHomeWork.xib */; };
		197774E52804A45F00554AD0 /* ArchiveHomeWorkView.swift in Sources */ = {isa = PBXBuildFile; fileRef = 197774E42804A45F00554AD0 /* ArchiveHomeWorkView.swift */; };
		197774E72804A47500554AD0 /* ArchiveHomeWorkView.xib in Resources */ = {isa = PBXBuildFile; fileRef = 197774E62804A47500554AD0 /* ArchiveHomeWorkView.xib */; };
		197774EC2804AE4200554AD0 /* HomeWorkCell.swift in Sources */ = {isa = PBXBuildFile; fileRef = 197774EA2804AE4200554AD0 /* HomeWorkCell.swift */; };
		197774ED2804AE4200554AD0 /* HomeWorkCell.xib in Resources */ = {isa = PBXBuildFile; fileRef = 197774EB2804AE4200554AD0 /* HomeWorkCell.xib */; };
		197774EF2804B15A00554AD0 /* UITableViewCell+Extentions.swift in Sources */ = {isa = PBXBuildFile; fileRef = 197774EE2804B15A00554AD0 /* UITableViewCell+Extentions.swift */; };
		197774F2280718FF00554AD0 /* MenuView.swift in Sources */ = {isa = PBXBuildFile; fileRef = 197774F1280718FF00554AD0 /* MenuView.swift */; };
		197774F42807197900554AD0 /* MenuView.xib in Resources */ = {isa = PBXBuildFile; fileRef = 197774F32807197900554AD0 /* MenuView.xib */; };
		197A006E27DA985B00F267F9 /* DayOfTheWeekModel.swift in Sources */ = {isa = PBXBuildFile; fileRef = 197A006D27DA985B00F267F9 /* DayOfTheWeekModel.swift */; };
		197A007027DAA26400F267F9 /* UIButtons+Extentions.swift in Sources */ = {isa = PBXBuildFile; fileRef = 197A006F27DAA26400F267F9 /* UIButtons+Extentions.swift */; };
		197C87D427BF84D80087D3CC /* LessonModel.swift in Sources */ = {isa = PBXBuildFile; fileRef = 197C87D327BF84D80087D3CC /* LessonModel.swift */; };
		197C87D727BF86BC0087D3CC /* CreateLessonView.swift in Sources */ = {isa = PBXBuildFile; fileRef = 197C87D627BF86BC0087D3CC /* CreateLessonView.swift */; };
		197C87D927BF86E10087D3CC /* CreateLessonView.xib in Resources */ = {isa = PBXBuildFile; fileRef = 197C87D827BF86E10087D3CC /* CreateLessonView.xib */; };
		197C87DC27C3EF750087D3CC /* SelectedLessonView.swift in Sources */ = {isa = PBXBuildFile; fileRef = 197C87DB27C3EF750087D3CC /* SelectedLessonView.swift */; };
		197C87DE27C3EF8C0087D3CC /* SelectedLessonView.xib in Resources */ = {isa = PBXBuildFile; fileRef = 197C87DD27C3EF8C0087D3CC /* SelectedLessonView.xib */; };
		199235D92819D3E80044E2D7 /* SelectedHomeWorkView.swift in Sources */ = {isa = PBXBuildFile; fileRef = 199235D82819D3E80044E2D7 /* SelectedHomeWorkView.swift */; };
		199235DB2819D3FE0044E2D7 /* SelectedHomeWorkView.xib in Resources */ = {isa = PBXBuildFile; fileRef = 199235DA2819D3FE0044E2D7 /* SelectedHomeWorkView.xib */; };
		19CD531E281C287E0056C18B /* EmptyActiveHomeWorkView.swift in Sources */ = {isa = PBXBuildFile; fileRef = 19CD531D281C287E0056C18B /* EmptyActiveHomeWorkView.swift */; };
		19CD5320281C28990056C18B /* EmptyActiveHomeWorkView.xib in Resources */ = {isa = PBXBuildFile; fileRef = 19CD531F281C28990056C18B /* EmptyActiveHomeWorkView.xib */; };
		19E5BC6D27BC539400B58EF8 /* AppDelegate.swift in Sources */ = {isa = PBXBuildFile; fileRef = 19E5BC6C27BC539400B58EF8 /* AppDelegate.swift */; };
		19E5BC6F27BC539400B58EF8 /* SceneDelegate.swift in Sources */ = {isa = PBXBuildFile; fileRef = 19E5BC6E27BC539400B58EF8 /* SceneDelegate.swift */; };
		19E5BC7127BC539400B58EF8 /* TimetableViewController.swift in Sources */ = {isa = PBXBuildFile; fileRef = 19E5BC7027BC539400B58EF8 /* TimetableViewController.swift */; };
		19E5BC7427BC539400B58EF8 /* Timetable.storyboard in Resources */ = {isa = PBXBuildFile; fileRef = 19E5BC7227BC539400B58EF8 /* Timetable.storyboard */; };
		19E5BC7627BC539900B58EF8 /* Assets.xcassets in Resources */ = {isa = PBXBuildFile; fileRef = 19E5BC7527BC539900B58EF8 /* Assets.xcassets */; };
		19E5BC7927BC539900B58EF8 /* LaunchScreen.storyboard in Resources */ = {isa = PBXBuildFile; fileRef = 19E5BC7727BC539900B58EF8 /* LaunchScreen.storyboard */; };
		19E5BC8527BC554200B58EF8 /* HeaderView.swift in Sources */ = {isa = PBXBuildFile; fileRef = 19E5BC8427BC554200B58EF8 /* HeaderView.swift */; };
		19E5BC8727BC556000B58EF8 /* HeaderView.xib in Resources */ = {isa = PBXBuildFile; fileRef = 19E5BC8627BC556000B58EF8 /* HeaderView.xib */; };
		19E5BC8A27BC563000B58EF8 /* UIColors+Extentions.swift in Sources */ = {isa = PBXBuildFile; fileRef = 19E5BC8927BC563000B58EF8 /* UIColors+Extentions.swift */; };
		19E5BC8F27BC5DC600B58EF8 /* DaysOfTheWeekCell.swift in Sources */ = {isa = PBXBuildFile; fileRef = 19E5BC8D27BC5DC600B58EF8 /* DaysOfTheWeekCell.swift */; };
		19E5BC9027BC5DC600B58EF8 /* DaysOfTheWeekCell.xib in Resources */ = {isa = PBXBuildFile; fileRef = 19E5BC8E27BC5DC600B58EF8 /* DaysOfTheWeekCell.xib */; };
		19E5BC9427BD209F00B58EF8 /* DaysCell.swift in Sources */ = {isa = PBXBuildFile; fileRef = 19E5BC9227BD209F00B58EF8 /* DaysCell.swift */; };
		19E5BC9527BD209F00B58EF8 /* DaysCell.xib in Resources */ = {isa = PBXBuildFile; fileRef = 19E5BC9327BD209F00B58EF8 /* DaysCell.xib */; };
		19E5BC9827BD21C900B58EF8 /* DaysView.swift in Sources */ = {isa = PBXBuildFile; fileRef = 19E5BC9727BD21C900B58EF8 /* DaysView.swift */; };
		19E5BC9A27BD21E800B58EF8 /* DaysView.xib in Resources */ = {isa = PBXBuildFile; fileRef = 19E5BC9927BD21E800B58EF8 /* DaysView.xib */; };
		19E5BC9E27BD26F100B58EF8 /* LessonCell.swift in Sources */ = {isa = PBXBuildFile; fileRef = 19E5BC9C27BD26F100B58EF8 /* LessonCell.swift */; };
		19E5BC9F27BD26F100B58EF8 /* LessonCell.xib in Resources */ = {isa = PBXBuildFile; fileRef = 19E5BC9D27BD26F100B58EF8 /* LessonCell.xib */; };
		19F1102127D01BAC00337249 /* SettingView.swift in Sources */ = {isa = PBXBuildFile; fileRef = 19F1102027D01BAC00337249 /* SettingView.swift */; };
		19F1102327D01BB600337249 /* SettingView.xib in Resources */ = {isa = PBXBuildFile; fileRef = 19F1102227D01BB600337249 /* SettingView.xib */; };
		19F1102B27D0C0C200337249 /* EmptyLessonsView.swift in Sources */ = {isa = PBXBuildFile; fileRef = 19F1102A27D0C0C200337249 /* EmptyLessonsView.swift */; };
		19F1102D27D0C0D800337249 /* EmptyLessonsView.xib in Resources */ = {isa = PBXBuildFile; fileRef = 19F1102C27D0C0D800337249 /* EmptyLessonsView.xib */; };
/* End PBXBuildFile section */

/* Begin PBXFileReference section */
		191BB98828143FFD0012CDAD /* CreateHomeWorkView.swift */ = {isa = PBXFileReference; lastKnownFileType = sourcecode.swift; path = CreateHomeWorkView.swift; sourceTree = "<group>"; };
		191BB98A2814402A0012CDAD /* CreateHomeWorkView.xib */ = {isa = PBXFileReference; lastKnownFileType = file.xib; path = CreateHomeWorkView.xib; sourceTree = "<group>"; };
		1960ED32281ADB7100DD9CDD /* CalendarView.swift */ = {isa = PBXFileReference; lastKnownFileType = sourcecode.swift; path = CalendarView.swift; sourceTree = "<group>"; };
		1960ED34281ADB9D00DD9CDD /* CalendarView.xib */ = {isa = PBXFileReference; lastKnownFileType = file.xib; path = CalendarView.xib; sourceTree = "<group>"; };
		197774D22804500700554AD0 /* HomeWorkViewController.swift */ = {isa = PBXFileReference; lastKnownFileType = sourcecode.swift; path = HomeWorkViewController.swift; sourceTree = "<group>"; };
		197774D32804500700554AD0 /* HomeWorkViewController.xib */ = {isa = PBXFileReference; lastKnownFileType = file.xib; path = HomeWorkViewController.xib; sourceTree = "<group>"; };
		197774D6280450C300554AD0 /* HomeWorkModel.swift */ = {isa = PBXFileReference; lastKnownFileType = sourcecode.swift; path = HomeWorkModel.swift; sourceTree = "<group>"; };
		197774DA2804530100554AD0 /* HeaderHomeWorkView.swift */ = {isa = PBXFileReference; lastKnownFileType = sourcecode.swift; path = HeaderHomeWorkView.swift; sourceTree = "<group>"; };
		197774DC2804534400554AD0 /* HeaderHomeWorkView.xib */ = {isa = PBXFileReference; lastKnownFileType = file.xib; path = HeaderHomeWorkView.xib; sourceTree = "<group>"; };
		197774DF2804567400554AD0 /* ActiveHomeWork.swift */ = {isa = PBXFileReference; lastKnownFileType = sourcecode.swift; path = ActiveHomeWork.swift; sourceTree = "<group>"; };
		197774E12804568600554AD0 /* ActiveHomeWork.xib */ = {isa = PBXFileReference; lastKnownFileType = file.xib; path = ActiveHomeWork.xib; sourceTree = "<group>"; };
		197774E42804A45F00554AD0 /* ArchiveHomeWorkView.swift */ = {isa = PBXFileReference; lastKnownFileType = sourcecode.swift; path = ArchiveHomeWorkView.swift; sourceTree = "<group>"; };
		197774E62804A47500554AD0 /* ArchiveHomeWorkView.xib */ = {isa = PBXFileReference; lastKnownFileType = file.xib; path = ArchiveHomeWorkView.xib; sourceTree = "<group>"; };
		197774EA2804AE4200554AD0 /* HomeWorkCell.swift */ = {isa = PBXFileReference; lastKnownFileType = sourcecode.swift; path = HomeWorkCell.swift; sourceTree = "<group>"; };
		197774EB2804AE4200554AD0 /* HomeWorkCell.xib */ = {isa = PBXFileReference; lastKnownFileType = file.xib; path = HomeWorkCell.xib; sourceTree = "<group>"; };
		197774EE2804B15A00554AD0 /* UITableViewCell+Extentions.swift */ = {isa = PBXFileReference; lastKnownFileType = sourcecode.swift; path = "UITableViewCell+Extentions.swift"; sourceTree = "<group>"; };
		197774F1280718FF00554AD0 /* MenuView.swift */ = {isa = PBXFileReference; lastKnownFileType = sourcecode.swift; path = MenuView.swift; sourceTree = "<group>"; };
		197774F32807197900554AD0 /* MenuView.xib */ = {isa = PBXFileReference; lastKnownFileType = file.xib; path = MenuView.xib; sourceTree = "<group>"; };
		197A006D27DA985B00F267F9 /* DayOfTheWeekModel.swift */ = {isa = PBXFileReference; lastKnownFileType = sourcecode.swift; path = DayOfTheWeekModel.swift; sourceTree = "<group>"; };
		197A006F27DAA26400F267F9 /* UIButtons+Extentions.swift */ = {isa = PBXFileReference; lastKnownFileType = sourcecode.swift; path = "UIButtons+Extentions.swift"; sourceTree = "<group>"; };
		197C87D327BF84D80087D3CC /* LessonModel.swift */ = {isa = PBXFileReference; lastKnownFileType = sourcecode.swift; path = LessonModel.swift; sourceTree = "<group>"; };
		197C87D627BF86BC0087D3CC /* CreateLessonView.swift */ = {isa = PBXFileReference; lastKnownFileType = sourcecode.swift; path = CreateLessonView.swift; sourceTree = "<group>"; };
		197C87D827BF86E10087D3CC /* CreateLessonView.xib */ = {isa = PBXFileReference; lastKnownFileType = file.xib; path = CreateLessonView.xib; sourceTree = "<group>"; };
		197C87DB27C3EF750087D3CC /* SelectedLessonView.swift */ = {isa = PBXFileReference; lastKnownFileType = sourcecode.swift; path = SelectedLessonView.swift; sourceTree = "<group>"; };
		197C87DD27C3EF8C0087D3CC /* SelectedLessonView.xib */ = {isa = PBXFileReference; lastKnownFileType = file.xib; path = SelectedLessonView.xib; sourceTree = "<group>"; };
		199235D82819D3E80044E2D7 /* SelectedHomeWorkView.swift */ = {isa = PBXFileReference; lastKnownFileType = sourcecode.swift; path = SelectedHomeWorkView.swift; sourceTree = "<group>"; };
		199235DA2819D3FE0044E2D7 /* SelectedHomeWorkView.xib */ = {isa = PBXFileReference; lastKnownFileType = file.xib; path = SelectedHomeWorkView.xib; sourceTree = "<group>"; };
		19CD531D281C287E0056C18B /* EmptyActiveHomeWorkView.swift */ = {isa = PBXFileReference; lastKnownFileType = sourcecode.swift; path = EmptyActiveHomeWorkView.swift; sourceTree = "<group>"; };
		19CD531F281C28990056C18B /* EmptyActiveHomeWorkView.xib */ = {isa = PBXFileReference; lastKnownFileType = file.xib; path = EmptyActiveHomeWorkView.xib; sourceTree = "<group>"; };
		19E5BC6927BC539400B58EF8 /* Timetable.app */ = {isa = PBXFileReference; explicitFileType = wrapper.application; includeInIndex = 0; path = Timetable.app; sourceTree = BUILT_PRODUCTS_DIR; };
		19E5BC6C27BC539400B58EF8 /* AppDelegate.swift */ = {isa = PBXFileReference; lastKnownFileType = sourcecode.swift; path = AppDelegate.swift; sourceTree = "<group>"; };
		19E5BC6E27BC539400B58EF8 /* SceneDelegate.swift */ = {isa = PBXFileReference; lastKnownFileType = sourcecode.swift; path = SceneDelegate.swift; sourceTree = "<group>"; };
		19E5BC7027BC539400B58EF8 /* TimetableViewController.swift */ = {isa = PBXFileReference; lastKnownFileType = sourcecode.swift; path = TimetableViewController.swift; sourceTree = "<group>"; };
		19E5BC7327BC539400B58EF8 /* Base */ = {isa = PBXFileReference; lastKnownFileType = file.storyboard; name = Base; path = Base.lproj/Timetable.storyboard; sourceTree = "<group>"; };
		19E5BC7527BC539900B58EF8 /* Assets.xcassets */ = {isa = PBXFileReference; lastKnownFileType = folder.assetcatalog; path = Assets.xcassets; sourceTree = "<group>"; };
		19E5BC7827BC539900B58EF8 /* Base */ = {isa = PBXFileReference; lastKnownFileType = file.storyboard; name = Base; path = Base.lproj/LaunchScreen.storyboard; sourceTree = "<group>"; };
		19E5BC7A27BC539900B58EF8 /* Info.plist */ = {isa = PBXFileReference; lastKnownFileType = text.plist.xml; path = Info.plist; sourceTree = "<group>"; };
		19E5BC8427BC554200B58EF8 /* HeaderView.swift */ = {isa = PBXFileReference; lastKnownFileType = sourcecode.swift; path = HeaderView.swift; sourceTree = "<group>"; };
		19E5BC8627BC556000B58EF8 /* HeaderView.xib */ = {isa = PBXFileReference; lastKnownFileType = file.xib; path = HeaderView.xib; sourceTree = "<group>"; };
		19E5BC8927BC563000B58EF8 /* UIColors+Extentions.swift */ = {isa = PBXFileReference; lastKnownFileType = sourcecode.swift; path = "UIColors+Extentions.swift"; sourceTree = "<group>"; };
		19E5BC8D27BC5DC600B58EF8 /* DaysOfTheWeekCell.swift */ = {isa = PBXFileReference; lastKnownFileType = sourcecode.swift; path = DaysOfTheWeekCell.swift; sourceTree = "<group>"; };
		19E5BC8E27BC5DC600B58EF8 /* DaysOfTheWeekCell.xib */ = {isa = PBXFileReference; lastKnownFileType = file.xib; path = DaysOfTheWeekCell.xib; sourceTree = "<group>"; };
		19E5BC9227BD209F00B58EF8 /* DaysCell.swift */ = {isa = PBXFileReference; lastKnownFileType = sourcecode.swift; path = DaysCell.swift; sourceTree = "<group>"; };
		19E5BC9327BD209F00B58EF8 /* DaysCell.xib */ = {isa = PBXFileReference; lastKnownFileType = file.xib; path = DaysCell.xib; sourceTree = "<group>"; };
		19E5BC9727BD21C900B58EF8 /* DaysView.swift */ = {isa = PBXFileReference; lastKnownFileType = sourcecode.swift; path = DaysView.swift; sourceTree = "<group>"; };
		19E5BC9927BD21E800B58EF8 /* DaysView.xib */ = {isa = PBXFileReference; lastKnownFileType = file.xib; path = DaysView.xib; sourceTree = "<group>"; };
		19E5BC9C27BD26F100B58EF8 /* LessonCell.swift */ = {isa = PBXFileReference; lastKnownFileType = sourcecode.swift; path = LessonCell.swift; sourceTree = "<group>"; };
		19E5BC9D27BD26F100B58EF8 /* LessonCell.xib */ = {isa = PBXFileReference; lastKnownFileType = file.xib; path = LessonCell.xib; sourceTree = "<group>"; };
		19F1102027D01BAC00337249 /* SettingView.swift */ = {isa = PBXFileReference; lastKnownFileType = sourcecode.swift; path = SettingView.swift; sourceTree = "<group>"; };
		19F1102227D01BB600337249 /* SettingView.xib */ = {isa = PBXFileReference; lastKnownFileType = file.xib; path = SettingView.xib; sourceTree = "<group>"; };
		19F1102A27D0C0C200337249 /* EmptyLessonsView.swift */ = {isa = PBXFileReference; lastKnownFileType = sourcecode.swift; path = EmptyLessonsView.swift; sourceTree = "<group>"; };
		19F1102C27D0C0D800337249 /* EmptyLessonsView.xib */ = {isa = PBXFileReference; lastKnownFileType = file.xib; path = EmptyLessonsView.xib; sourceTree = "<group>"; };
/* End PBXFileReference section */

/* Begin PBXFrameworksBuildPhase section */
		19E5BC6627BC539400B58EF8 /* Frameworks */ = {
			isa = PBXFrameworksBuildPhase;
			buildActionMask = 2147483647;
			files = (
				1960ED30281ADAB400DD9CDD /* FSCalendar in Frameworks */,
			);
			runOnlyForDeploymentPostprocessing = 0;
		};
/* End PBXFrameworksBuildPhase section */

/* Begin PBXGroup section */
		191BB98128143B000012CDAD /* CreateHomeWorkView */ = {
			isa = PBXGroup;
			children = (
				191BB98828143FFD0012CDAD /* CreateHomeWorkView.swift */,
				191BB98A2814402A0012CDAD /* CreateHomeWorkView.xib */,
			);
			path = CreateHomeWorkView;
			sourceTree = "<group>";
		};
		191BB98C281449440012CDAD /* Models */ = {
			isa = PBXGroup;
			children = (
				197774D6280450C300554AD0 /* HomeWorkModel.swift */,
			);
			path = Models;
			sourceTree = "<group>";
		};
		191BB98D2814495A0012CDAD /* Models */ = {
			isa = PBXGroup;
			children = (
				197C87D327BF84D80087D3CC /* LessonModel.swift */,
				197A006D27DA985B00F267F9 /* DayOfTheWeekModel.swift */,
			);
			path = Models;
			sourceTree = "<group>";
		};
		1960ED31281ADB5A00DD9CDD /* CalendarView */ = {
			isa = PBXGroup;
			children = (
				1960ED32281ADB7100DD9CDD /* CalendarView.swift */,
				1960ED34281ADB9D00DD9CDD /* CalendarView.xib */,
			);
			path = CalendarView;
			sourceTree = "<group>";
		};
		197774D028044FB400554AD0 /* MainController */ = {
			isa = PBXGroup;
			children = (
				191BB98D2814495A0012CDAD /* Models */,
				19E5BC7027BC539400B58EF8 /* TimetableViewController.swift */,
				19E5BC7227BC539400B58EF8 /* Timetable.storyboard */,
				19E5BC8227BC551900B58EF8 /* Views */,
				19E5BC8B27BC5D2B00B58EF8 /* Cells */,
			);
			path = MainController;
			sourceTree = "<group>";
		};
		197774D128044FD400554AD0 /* HomeWorkController */ = {
			isa = PBXGroup;
			children = (
				191BB98C281449440012CDAD /* Models */,
				197774E92804AE1300554AD0 /* Cells */,
				197774D82804521000554AD0 /* Views */,
				197774D22804500700554AD0 /* HomeWorkViewController.swift */,
				197774D32804500700554AD0 /* HomeWorkViewController.xib */,
			);
			path = HomeWorkController;
			sourceTree = "<group>";
		};
		197774D82804521000554AD0 /* Views */ = {
			isa = PBXGroup;
			children = (
				19CD531C281C283E0056C18B /* EmptyActiveHomeWorkView */,
				1960ED31281ADB5A00DD9CDD /* CalendarView */,
				199235D72819D3CD0044E2D7 /* SelectedHomeWorkView */,
				191BB98128143B000012CDAD /* CreateHomeWorkView */,
				197774DE2804565900554AD0 /* ActiveHomeWork */,
				197774E32804A43A00554AD0 /* ArchiveHomeWorkView */,
				197774D9280452D500554AD0 /* HeaderHomeWorkView */,
			);
			path = Views;
			sourceTree = "<group>";
		};
		197774D9280452D500554AD0 /* HeaderHomeWorkView */ = {
			isa = PBXGroup;
			children = (
				197774DA2804530100554AD0 /* HeaderHomeWorkView.swift */,
				197774DC2804534400554AD0 /* HeaderHomeWorkView.xib */,
			);
			path = HeaderHomeWorkView;
			sourceTree = "<group>";
		};
		197774DE2804565900554AD0 /* ActiveHomeWork */ = {
			isa = PBXGroup;
			children = (
				197774DF2804567400554AD0 /* ActiveHomeWork.swift */,
				197774E12804568600554AD0 /* ActiveHomeWork.xib */,
			);
			path = ActiveHomeWork;
			sourceTree = "<group>";
		};
		197774E32804A43A00554AD0 /* ArchiveHomeWorkView */ = {
			isa = PBXGroup;
			children = (
				197774E42804A45F00554AD0 /* ArchiveHomeWorkView.swift */,
				197774E62804A47500554AD0 /* ArchiveHomeWorkView.xib */,
			);
			path = ArchiveHomeWorkView;
			sourceTree = "<group>";
		};
		197774E92804AE1300554AD0 /* Cells */ = {
			isa = PBXGroup;
			children = (
				197774EA2804AE4200554AD0 /* HomeWorkCell.swift */,
				197774EB2804AE4200554AD0 /* HomeWorkCell.xib */,
			);
			path = Cells;
			sourceTree = "<group>";
		};
		197774F0280718DF00554AD0 /* MenuView */ = {
			isa = PBXGroup;
			children = (
				197774F1280718FF00554AD0 /* MenuView.swift */,
				197774F32807197900554AD0 /* MenuView.xib */,
			);
			path = MenuView;
			sourceTree = "<group>";
		};
		197C87D527BF86960087D3CC /* CreateLessonView */ = {
			isa = PBXGroup;
			children = (
				197C87D627BF86BC0087D3CC /* CreateLessonView.swift */,
				197C87D827BF86E10087D3CC /* CreateLessonView.xib */,
			);
			path = CreateLessonView;
			sourceTree = "<group>";
		};
		197C87DA27C3EF5B0087D3CC /* SelectedLessonView */ = {
			isa = PBXGroup;
			children = (
				197C87DB27C3EF750087D3CC /* SelectedLessonView.swift */,
				197C87DD27C3EF8C0087D3CC /* SelectedLessonView.xib */,
			);
			path = SelectedLessonView;
			sourceTree = "<group>";
		};
		199235D72819D3CD0044E2D7 /* SelectedHomeWorkView */ = {
			isa = PBXGroup;
			children = (
				199235D82819D3E80044E2D7 /* SelectedHomeWorkView.swift */,
				199235DA2819D3FE0044E2D7 /* SelectedHomeWorkView.xib */,
			);
			path = SelectedHomeWorkView;
			sourceTree = "<group>";
		};
		19CD531C281C283E0056C18B /* EmptyActiveHomeWorkView */ = {
			isa = PBXGroup;
			children = (
				19CD531D281C287E0056C18B /* EmptyActiveHomeWorkView.swift */,
				19CD531F281C28990056C18B /* EmptyActiveHomeWorkView.xib */,
			);
			path = EmptyActiveHomeWorkView;
			sourceTree = "<group>";
		};
		19E5BC6027BC539400B58EF8 = {
			isa = PBXGroup;
			children = (
				19E5BC6B27BC539400B58EF8 /* Timetable */,
				19E5BC6A27BC539400B58EF8 /* Products */,
			);
			sourceTree = "<group>";
		};
		19E5BC6A27BC539400B58EF8 /* Products */ = {
			isa = PBXGroup;
			children = (
				19E5BC6927BC539400B58EF8 /* Timetable.app */,
			);
			name = Products;
			sourceTree = "<group>";
		};
		19E5BC6B27BC539400B58EF8 /* Timetable */ = {
			isa = PBXGroup;
			children = (
				19E5BC8827BC55EE00B58EF8 /* Extentions */,
				197774F0280718DF00554AD0 /* MenuView */,
				197774D128044FD400554AD0 /* HomeWorkController */,
				197774D028044FB400554AD0 /* MainController */,
				19E5BC8027BC53B100B58EF8 /* SupportFiles */,
			);
			path = Timetable;
			sourceTree = "<group>";
		};
		19E5BC8027BC53B100B58EF8 /* SupportFiles */ = {
			isa = PBXGroup;
			children = (
				19E5BC6C27BC539400B58EF8 /* AppDelegate.swift */,
				19E5BC6E27BC539400B58EF8 /* SceneDelegate.swift */,
				19E5BC7727BC539900B58EF8 /* LaunchScreen.storyboard */,
				19E5BC7A27BC539900B58EF8 /* Info.plist */,
				19E5BC7527BC539900B58EF8 /* Assets.xcassets */,
			);
			path = SupportFiles;
			sourceTree = "<group>";
		};
		19E5BC8227BC551900B58EF8 /* Views */ = {
			isa = PBXGroup;
			children = (
				19F1102927D0C09A00337249 /* EmptyLessonsView */,
				19F1101F27D01B8B00337249 /* SettingsView */,
				197C87DA27C3EF5B0087D3CC /* SelectedLessonView */,
				197C87D527BF86960087D3CC /* CreateLessonView */,
				19E5BC9627BD21B800B58EF8 /* DaysView */,
				19E5BC8327BC552500B58EF8 /* HeaderView */,
			);
			path = Views;
			sourceTree = "<group>";
		};
		19E5BC8327BC552500B58EF8 /* HeaderView */ = {
			isa = PBXGroup;
			children = (
				19E5BC8427BC554200B58EF8 /* HeaderView.swift */,
				19E5BC8627BC556000B58EF8 /* HeaderView.xib */,
			);
			path = HeaderView;
			sourceTree = "<group>";
		};
		19E5BC8827BC55EE00B58EF8 /* Extentions */ = {
			isa = PBXGroup;
			children = (
				19E5BC8927BC563000B58EF8 /* UIColors+Extentions.swift */,
				197A006F27DAA26400F267F9 /* UIButtons+Extentions.swift */,
				197774EE2804B15A00554AD0 /* UITableViewCell+Extentions.swift */,
			);
			path = Extentions;
			sourceTree = "<group>";
		};
		19E5BC8B27BC5D2B00B58EF8 /* Cells */ = {
			isa = PBXGroup;
			children = (
				19E5BC9B27BD26E300B58EF8 /* LessonCell */,
				19E5BC9127BD208300B58EF8 /* DaysCell */,
				19E5BC8C27BC5D4100B58EF8 /* DaysOfTheWeekCell */,
			);
			path = Cells;
			sourceTree = "<group>";
		};
		19E5BC8C27BC5D4100B58EF8 /* DaysOfTheWeekCell */ = {
			isa = PBXGroup;
			children = (
				19E5BC8D27BC5DC600B58EF8 /* DaysOfTheWeekCell.swift */,
				19E5BC8E27BC5DC600B58EF8 /* DaysOfTheWeekCell.xib */,
			);
			path = DaysOfTheWeekCell;
			sourceTree = "<group>";
		};
		19E5BC9127BD208300B58EF8 /* DaysCell */ = {
			isa = PBXGroup;
			children = (
				19E5BC9227BD209F00B58EF8 /* DaysCell.swift */,
				19E5BC9327BD209F00B58EF8 /* DaysCell.xib */,
			);
			path = DaysCell;
			sourceTree = "<group>";
		};
		19E5BC9627BD21B800B58EF8 /* DaysView */ = {
			isa = PBXGroup;
			children = (
				19E5BC9727BD21C900B58EF8 /* DaysView.swift */,
				19E5BC9927BD21E800B58EF8 /* DaysView.xib */,
			);
			path = DaysView;
			sourceTree = "<group>";
		};
		19E5BC9B27BD26E300B58EF8 /* LessonCell */ = {
			isa = PBXGroup;
			children = (
				19E5BC9C27BD26F100B58EF8 /* LessonCell.swift */,
				19E5BC9D27BD26F100B58EF8 /* LessonCell.xib */,
			);
			path = LessonCell;
			sourceTree = "<group>";
		};
		19F1101F27D01B8B00337249 /* SettingsView */ = {
			isa = PBXGroup;
			children = (
				19F1102027D01BAC00337249 /* SettingView.swift */,
				19F1102227D01BB600337249 /* SettingView.xib */,
			);
			path = SettingsView;
			sourceTree = "<group>";
		};
		19F1102927D0C09A00337249 /* EmptyLessonsView */ = {
			isa = PBXGroup;
			children = (
				19F1102A27D0C0C200337249 /* EmptyLessonsView.swift */,
				19F1102C27D0C0D800337249 /* EmptyLessonsView.xib */,
			);
			path = EmptyLessonsView;
			sourceTree = "<group>";
		};
/* End PBXGroup section */

/* Begin PBXNativeTarget section */
		19E5BC6827BC539400B58EF8 /* Timetable */ = {
			isa = PBXNativeTarget;
			buildConfigurationList = 19E5BC7D27BC539900B58EF8 /* Build configuration list for PBXNativeTarget "Timetable" */;
			buildPhases = (
				19E5BC6527BC539400B58EF8 /* Sources */,
				19E5BC6627BC539400B58EF8 /* Frameworks */,
				19E5BC6727BC539400B58EF8 /* Resources */,
			);
			buildRules = (
			);
			dependencies = (
			);
			name = Timetable;
			packageProductDependencies = (
				1960ED2F281ADAB400DD9CDD /* FSCalendar */,
			);
			productName = Timetable;
			productReference = 19E5BC6927BC539400B58EF8 /* Timetable.app */;
			productType = "com.apple.product-type.application";
		};
/* End PBXNativeTarget section */

/* Begin PBXProject section */
		19E5BC6127BC539400B58EF8 /* Project object */ = {
			isa = PBXProject;
			attributes = {
				BuildIndependentTargetsInParallel = 1;
				LastSwiftUpdateCheck = 1310;
				LastUpgradeCheck = 1310;
				TargetAttributes = {
					19E5BC6827BC539400B58EF8 = {
						CreatedOnToolsVersion = 13.1;
					};
				};
			};
			buildConfigurationList = 19E5BC6427BC539400B58EF8 /* Build configuration list for PBXProject "Timetable" */;
			compatibilityVersion = "Xcode 13.0";
			developmentRegion = en;
			hasScannedForEncodings = 0;
			knownRegions = (
				en,
				Base,
			);
			mainGroup = 19E5BC6027BC539400B58EF8;
			packageReferences = (
				1960ED2E281ADAB400DD9CDD /* XCRemoteSwiftPackageReference "FSCalendar" */,
			);
			productRefGroup = 19E5BC6A27BC539400B58EF8 /* Products */;
			projectDirPath = "";
			projectRoot = "";
			targets = (
				19E5BC6827BC539400B58EF8 /* Timetable */,
			);
		};
/* End PBXProject section */

/* Begin PBXResourcesBuildPhase section */
		19E5BC6727BC539400B58EF8 /* Resources */ = {
			isa = PBXResourcesBuildPhase;
			buildActionMask = 2147483647;
			files = (
				19F1102327D01BB600337249 /* SettingView.xib in Resources */,
				197774E72804A47500554AD0 /* ArchiveHomeWorkView.xib in Resources */,
				197774ED2804AE4200554AD0 /* HomeWorkCell.xib in Resources */,
				191BB98B2814402A0012CDAD /* CreateHomeWorkView.xib in Resources */,
				19E5BC9527BD209F00B58EF8 /* DaysCell.xib in Resources */,
				19F1102D27D0C0D800337249 /* EmptyLessonsView.xib in Resources */,
				19E5BC9A27BD21E800B58EF8 /* DaysView.xib in Resources */,
				19E5BC7927BC539900B58EF8 /* LaunchScreen.storyboard in Resources */,
				197774E22804568600554AD0 /* ActiveHomeWork.xib in Resources */,
				19E5BC9F27BD26F100B58EF8 /* LessonCell.xib in Resources */,
				19E5BC7627BC539900B58EF8 /* Assets.xcassets in Resources */,
				19E5BC9027BC5DC600B58EF8 /* DaysOfTheWeekCell.xib in Resources */,
				19E5BC7427BC539400B58EF8 /* Timetable.storyboard in Resources */,
				19E5BC8727BC556000B58EF8 /* HeaderView.xib in Resources */,
				197774F42807197900554AD0 /* MenuView.xib in Resources */,
				197C87D927BF86E10087D3CC /* CreateLessonView.xib in Resources */,
				197774D52804500700554AD0 /* HomeWorkViewController.xib in Resources */,
				199235DB2819D3FE0044E2D7 /* SelectedHomeWorkView.xib in Resources */,
				1960ED35281ADB9D00DD9CDD /* CalendarView.xib in Resources */,
				197C87DE27C3EF8C0087D3CC /* SelectedLessonView.xib in Resources */,
				19CD5320281C28990056C18B /* EmptyActiveHomeWorkView.xib in Resources */,
				197774DD2804534400554AD0 /* HeaderHomeWorkView.xib in Resources */,
			);
			runOnlyForDeploymentPostprocessing = 0;
		};
/* End PBXResourcesBuildPhase section */

/* Begin PBXSourcesBuildPhase section */
		19E5BC6527BC539400B58EF8 /* Sources */ = {
			isa = PBXSourcesBuildPhase;
			buildActionMask = 2147483647;
			files = (
				19E5BC8A27BC563000B58EF8 /* UIColors+Extentions.swift in Sources */,
				19E5BC8F27BC5DC600B58EF8 /* DaysOfTheWeekCell.swift in Sources */,
				19CD531E281C287E0056C18B /* EmptyActiveHomeWorkView.swift in Sources */,
				19E5BC7127BC539400B58EF8 /* TimetableViewController.swift in Sources */,
				197774EF2804B15A00554AD0 /* UITableViewCell+Extentions.swift in Sources */,
				197774E52804A45F00554AD0 /* ArchiveHomeWorkView.swift in Sources */,
				19E5BC9427BD209F00B58EF8 /* DaysCell.swift in Sources */,
				19E5BC9E27BD26F100B58EF8 /* LessonCell.swift in Sources */,
				199235D92819D3E80044E2D7 /* SelectedHomeWorkView.swift in Sources */,
				197774D42804500700554AD0 /* HomeWorkViewController.swift in Sources */,
				191BB98928143FFD0012CDAD /* CreateHomeWorkView.swift in Sources */,
				19E5BC6D27BC539400B58EF8 /* AppDelegate.swift in Sources */,
				197C87D727BF86BC0087D3CC /* CreateLessonView.swift in Sources */,
				19E5BC9827BD21C900B58EF8 /* DaysView.swift in Sources */,
				197774D7280450C300554AD0 /* HomeWorkModel.swift in Sources */,
				1960ED33281ADB7100DD9CDD /* CalendarView.swift in Sources */,
				19F1102127D01BAC00337249 /* SettingView.swift in Sources */,
				197774E02804567400554AD0 /* ActiveHomeWork.swift in Sources */,
				197C87D427BF84D80087D3CC /* LessonModel.swift in Sources */,
				19E5BC6F27BC539400B58EF8 /* SceneDelegate.swift in Sources */,
				19E5BC8527BC554200B58EF8 /* HeaderView.swift in Sources */,
				197774DB2804530100554AD0 /* HeaderHomeWorkView.swift in Sources */,
				197774EC2804AE4200554AD0 /* HomeWorkCell.swift in Sources */,
				19F1102B27D0C0C200337249 /* EmptyLessonsView.swift in Sources */,
				197A006E27DA985B00F267F9 /* DayOfTheWeekModel.swift in Sources */,
				197774F2280718FF00554AD0 /* MenuView.swift in Sources */,
				197A007027DAA26400F267F9 /* UIButtons+Extentions.swift in Sources */,
				197C87DC27C3EF750087D3CC /* SelectedLessonView.swift in Sources */,
			);
			runOnlyForDeploymentPostprocessing = 0;
		};
/* End PBXSourcesBuildPhase section */

/* Begin PBXVariantGroup section */
		19E5BC7227BC539400B58EF8 /* Timetable.storyboard */ = {
			isa = PBXVariantGroup;
			children = (
				19E5BC7327BC539400B58EF8 /* Base */,
			);
			name = Timetable.storyboard;
			sourceTree = "<group>";
		};
		19E5BC7727BC539900B58EF8 /* LaunchScreen.storyboard */ = {
			isa = PBXVariantGroup;
			children = (
				19E5BC7827BC539900B58EF8 /* Base */,
			);
			name = LaunchScreen.storyboard;
			sourceTree = "<group>";
		};
/* End PBXVariantGroup section */

/* Begin XCBuildConfiguration section */
		19E5BC7B27BC539900B58EF8 /* Debug */ = {
			isa = XCBuildConfiguration;
			buildSettings = {
				ALWAYS_SEARCH_USER_PATHS = NO;
				CLANG_ANALYZER_NONNULL = YES;
				CLANG_ANALYZER_NUMBER_OBJECT_CONVERSION = YES_AGGRESSIVE;
				CLANG_CXX_LANGUAGE_STANDARD = "gnu++17";
				CLANG_CXX_LIBRARY = "libc++";
				CLANG_ENABLE_MODULES = YES;
				CLANG_ENABLE_OBJC_ARC = YES;
				CLANG_ENABLE_OBJC_WEAK = YES;
				CLANG_WARN_BLOCK_CAPTURE_AUTORELEASING = YES;
				CLANG_WARN_BOOL_CONVERSION = YES;
				CLANG_WARN_COMMA = YES;
				CLANG_WARN_CONSTANT_CONVERSION = YES;
				CLANG_WARN_DEPRECATED_OBJC_IMPLEMENTATIONS = YES;
				CLANG_WARN_DIRECT_OBJC_ISA_USAGE = YES_ERROR;
				CLANG_WARN_DOCUMENTATION_COMMENTS = YES;
				CLANG_WARN_EMPTY_BODY = YES;
				CLANG_WARN_ENUM_CONVERSION = YES;
				CLANG_WARN_INFINITE_RECURSION = YES;
				CLANG_WARN_INT_CONVERSION = YES;
				CLANG_WARN_NON_LITERAL_NULL_CONVERSION = YES;
				CLANG_WARN_OBJC_IMPLICIT_RETAIN_SELF = YES;
				CLANG_WARN_OBJC_LITERAL_CONVERSION = YES;
				CLANG_WARN_OBJC_ROOT_CLASS = YES_ERROR;
				CLANG_WARN_QUOTED_INCLUDE_IN_FRAMEWORK_HEADER = YES;
				CLANG_WARN_RANGE_LOOP_ANALYSIS = YES;
				CLANG_WARN_STRICT_PROTOTYPES = YES;
				CLANG_WARN_SUSPICIOUS_MOVE = YES;
				CLANG_WARN_UNGUARDED_AVAILABILITY = YES_AGGRESSIVE;
				CLANG_WARN_UNREACHABLE_CODE = YES;
				CLANG_WARN__DUPLICATE_METHOD_MATCH = YES;
				COPY_PHASE_STRIP = NO;
				DEBUG_INFORMATION_FORMAT = dwarf;
				ENABLE_STRICT_OBJC_MSGSEND = YES;
				ENABLE_TESTABILITY = YES;
				GCC_C_LANGUAGE_STANDARD = gnu11;
				GCC_DYNAMIC_NO_PIC = NO;
				GCC_NO_COMMON_BLOCKS = YES;
				GCC_OPTIMIZATION_LEVEL = 0;
				GCC_PREPROCESSOR_DEFINITIONS = (
					"DEBUG=1",
					"$(inherited)",
				);
				GCC_WARN_64_TO_32_BIT_CONVERSION = YES;
				GCC_WARN_ABOUT_RETURN_TYPE = YES_ERROR;
				GCC_WARN_UNDECLARED_SELECTOR = YES;
				GCC_WARN_UNINITIALIZED_AUTOS = YES_AGGRESSIVE;
				GCC_WARN_UNUSED_FUNCTION = YES;
				GCC_WARN_UNUSED_VARIABLE = YES;
				IPHONEOS_DEPLOYMENT_TARGET = 15.0;
				MTL_ENABLE_DEBUG_INFO = INCLUDE_SOURCE;
				MTL_FAST_MATH = YES;
				ONLY_ACTIVE_ARCH = YES;
				SDKROOT = iphoneos;
				SWIFT_ACTIVE_COMPILATION_CONDITIONS = DEBUG;
				SWIFT_OPTIMIZATION_LEVEL = "-Onone";
			};
			name = Debug;
		};
		19E5BC7C27BC539900B58EF8 /* Release */ = {
			isa = XCBuildConfiguration;
			buildSettings = {
				ALWAYS_SEARCH_USER_PATHS = NO;
				CLANG_ANALYZER_NONNULL = YES;
				CLANG_ANALYZER_NUMBER_OBJECT_CONVERSION = YES_AGGRESSIVE;
				CLANG_CXX_LANGUAGE_STANDARD = "gnu++17";
				CLANG_CXX_LIBRARY = "libc++";
				CLANG_ENABLE_MODULES = YES;
				CLANG_ENABLE_OBJC_ARC = YES;
				CLANG_ENABLE_OBJC_WEAK = YES;
				CLANG_WARN_BLOCK_CAPTURE_AUTORELEASING = YES;
				CLANG_WARN_BOOL_CONVERSION = YES;
				CLANG_WARN_COMMA = YES;
				CLANG_WARN_CONSTANT_CONVERSION = YES;
				CLANG_WARN_DEPRECATED_OBJC_IMPLEMENTATIONS = YES;
				CLANG_WARN_DIRECT_OBJC_ISA_USAGE = YES_ERROR;
				CLANG_WARN_DOCUMENTATION_COMMENTS = YES;
				CLANG_WARN_EMPTY_BODY = YES;
				CLANG_WARN_ENUM_CONVERSION = YES;
				CLANG_WARN_INFINITE_RECURSION = YES;
				CLANG_WARN_INT_CONVERSION = YES;
				CLANG_WARN_NON_LITERAL_NULL_CONVERSION = YES;
				CLANG_WARN_OBJC_IMPLICIT_RETAIN_SELF = YES;
				CLANG_WARN_OBJC_LITERAL_CONVERSION = YES;
				CLANG_WARN_OBJC_ROOT_CLASS = YES_ERROR;
				CLANG_WARN_QUOTED_INCLUDE_IN_FRAMEWORK_HEADER = YES;
				CLANG_WARN_RANGE_LOOP_ANALYSIS = YES;
				CLANG_WARN_STRICT_PROTOTYPES = YES;
				CLANG_WARN_SUSPICIOUS_MOVE = YES;
				CLANG_WARN_UNGUARDED_AVAILABILITY = YES_AGGRESSIVE;
				CLANG_WARN_UNREACHABLE_CODE = YES;
				CLANG_WARN__DUPLICATE_METHOD_MATCH = YES;
				COPY_PHASE_STRIP = NO;
				DEBUG_INFORMATION_FORMAT = "dwarf-with-dsym";
				ENABLE_NS_ASSERTIONS = NO;
				ENABLE_STRICT_OBJC_MSGSEND = YES;
				GCC_C_LANGUAGE_STANDARD = gnu11;
				GCC_NO_COMMON_BLOCKS = YES;
				GCC_WARN_64_TO_32_BIT_CONVERSION = YES;
				GCC_WARN_ABOUT_RETURN_TYPE = YES_ERROR;
				GCC_WARN_UNDECLARED_SELECTOR = YES;
				GCC_WARN_UNINITIALIZED_AUTOS = YES_AGGRESSIVE;
				GCC_WARN_UNUSED_FUNCTION = YES;
				GCC_WARN_UNUSED_VARIABLE = YES;
				IPHONEOS_DEPLOYMENT_TARGET = 15.0;
				MTL_ENABLE_DEBUG_INFO = NO;
				MTL_FAST_MATH = YES;
				SDKROOT = iphoneos;
				SWIFT_COMPILATION_MODE = wholemodule;
				SWIFT_OPTIMIZATION_LEVEL = "-O";
				VALIDATE_PRODUCT = YES;
			};
			name = Release;
		};
		19E5BC7E27BC539900B58EF8 /* Debug */ = {
			isa = XCBuildConfiguration;
			buildSettings = {
				ASSETCATALOG_COMPILER_APPICON_NAME = AppIcon;
				ASSETCATALOG_COMPILER_GLOBAL_ACCENT_COLOR_NAME = AccentColor;
				CODE_SIGN_STYLE = Automatic;
				CURRENT_PROJECT_VERSION = 1;
				GENERATE_INFOPLIST_FILE = YES;
				INFOPLIST_FILE = Timetable/SupportFiles/Info.plist;
				INFOPLIST_KEY_UIApplicationSupportsIndirectInputEvents = YES;
				INFOPLIST_KEY_UILaunchStoryboardName = LaunchScreen;
				INFOPLIST_KEY_UIMainStoryboardFile = Timetable;
				INFOPLIST_KEY_UISupportedInterfaceOrientations_iPad = "UIInterfaceOrientationPortrait UIInterfaceOrientationPortraitUpsideDown UIInterfaceOrientationLandscapeLeft UIInterfaceOrientationLandscapeRight";
				INFOPLIST_KEY_UISupportedInterfaceOrientations_iPhone = "UIInterfaceOrientationPortrait UIInterfaceOrientationLandscapeLeft UIInterfaceOrientationLandscapeRight";
				LD_RUNPATH_SEARCH_PATHS = (
					"$(inherited)",
					"@executable_path/Frameworks",
				);
				MARKETING_VERSION = 1.0;
				PRODUCT_BUNDLE_IDENTIFIER = AE.Timetable;
				PRODUCT_NAME = "$(TARGET_NAME)";
				SWIFT_EMIT_LOC_STRINGS = YES;
				SWIFT_VERSION = 5.0;
				TARGETED_DEVICE_FAMILY = "1,2";
			};
			name = Debug;
		};
		19E5BC7F27BC539900B58EF8 /* Release */ = {
			isa = XCBuildConfiguration;
			buildSettings = {
				ASSETCATALOG_COMPILER_APPICON_NAME = AppIcon;
				ASSETCATALOG_COMPILER_GLOBAL_ACCENT_COLOR_NAME = AccentColor;
				CODE_SIGN_STYLE = Automatic;
				CURRENT_PROJECT_VERSION = 1;
				GENERATE_INFOPLIST_FILE = YES;
				INFOPLIST_FILE = Timetable/SupportFiles/Info.plist;
				INFOPLIST_KEY_UIApplicationSupportsIndirectInputEvents = YES;
				INFOPLIST_KEY_UILaunchStoryboardName = LaunchScreen;
				INFOPLIST_KEY_UIMainStoryboardFile = Timetable;
				INFOPLIST_KEY_UISupportedInterfaceOrientations_iPad = "UIInterfaceOrientationPortrait UIInterfaceOrientationPortraitUpsideDown UIInterfaceOrientationLandscapeLeft UIInterfaceOrientationLandscapeRight";
				INFOPLIST_KEY_UISupportedInterfaceOrientations_iPhone = "UIInterfaceOrientationPortrait UIInterfaceOrientationLandscapeLeft UIInterfaceOrientationLandscapeRight";
				LD_RUNPATH_SEARCH_PATHS = (
					"$(inherited)",
					"@executable_path/Frameworks",
				);
				MARKETING_VERSION = 1.0;
				PRODUCT_BUNDLE_IDENTIFIER = AE.Timetable;
				PRODUCT_NAME = "$(TARGET_NAME)";
				SWIFT_EMIT_LOC_STRINGS = YES;
				SWIFT_VERSION = 5.0;
				TARGETED_DEVICE_FAMILY = "1,2";
			};
			name = Release;
		};
/* End XCBuildConfiguration section */

/* Begin XCConfigurationList section */
		19E5BC6427BC539400B58EF8 /* Build configuration list for PBXProject "Timetable" */ = {
			isa = XCConfigurationList;
			buildConfigurations = (
				19E5BC7B27BC539900B58EF8 /* Debug */,
				19E5BC7C27BC539900B58EF8 /* Release */,
			);
			defaultConfigurationIsVisible = 0;
			defaultConfigurationName = Release;
		};
		19E5BC7D27BC539900B58EF8 /* Build configuration list for PBXNativeTarget "Timetable" */ = {
			isa = XCConfigurationList;
			buildConfigurations = (
				19E5BC7E27BC539900B58EF8 /* Debug */,
				19E5BC7F27BC539900B58EF8 /* Release */,
			);
			defaultConfigurationIsVisible = 0;
			defaultConfigurationName = Release;
		};
/* End XCConfigurationList section */

/* Begin XCRemoteSwiftPackageReference section */
		1960ED2E281ADAB400DD9CDD /* XCRemoteSwiftPackageReference "FSCalendar" */ = {
			isa = XCRemoteSwiftPackageReference;
			repositoryURL = "https://github.com/WenchaoD/FSCalendar.git";
			requirement = {
				branch = master;
				kind = branch;
			};
		};
/* End XCRemoteSwiftPackageReference section */

/* Begin XCSwiftPackageProductDependency section */
		1960ED2F281ADAB400DD9CDD /* FSCalendar */ = {
			isa = XCSwiftPackageProductDependency;
			package = 1960ED2E281ADAB400DD9CDD /* XCRemoteSwiftPackageReference "FSCalendar" */;
			productName = FSCalendar;
		};
/* End XCSwiftPackageProductDependency section */
	};
	rootObject = 19E5BC6127BC539400B58EF8 /* Project object */;
}
